
Microsoft Visual Studio Solution File, Format Version 12.00
# Visual Studio Version 16
VisualStudioVersion = 16.0.29424.173
MinimumVisualStudioVersion = 10.0.40219.1
Project("{FAE04EC0-301F-11D3-BF4B-00C04F79EFBC}") = "EmployeeRecords", "EmployeeRecords\EmployeeRecords.csproj", "{B63EBC05-1D5F-4A7F-BE65-8095EE9940EF}"
EndProject
Project("{FAE04EC0-301F-11D3-BF4B-00C04F79EFBC}") = "Validations", "Validations\Validations.csproj", "{607DB3D6-C4C4-464B-9D3B-BFF92464AA97}"
EndProject
Global
	GlobalSection(SolutionConfigurationPlatforms) = preSolution
		Debug|Any CPU = Debug|Any CPU
		Release|Any CPU = Release|Any CPU
	EndGlobalSection
	GlobalSection(ProjectConfigurationPlatforms) = postSolution
		{B63EBC05-1D5F-4A7F-BE65-8095EE9940EF}.Debug|Any CPU.ActiveCfg = Debug|Any CPU
		{B63EBC05-1D5F-4A7F-BE65-8095EE9940EF}.Debug|Any CPU.Build.0 = Debug|Any CPU
		{B63EBC05-1D5F-4A7F-BE65-8095EE9940EF}.Release|Any CPU.ActiveCfg = Release|Any CPU
		{B63EBC05-1D5F-4A7F-BE65-8095EE9940EF}.Release|Any CPU.Build.0 = Release|Any CPU
		{607DB3D6-C4C4-464B-9D3B-BFF92464AA97}.Debug|Any CPU.ActiveCfg = Debug|Any CPU
		{607DB3D6-C4C4-464B-9D3B-BFF92464AA97}.Debug|Any CPU.Build.0 = Debug|Any CPU
		{607DB3D6-C4C4-464B-9D3B-BFF92464AA97}.Release|Any CPU.ActiveCfg = Release|Any CPU
		{607DB3D6-C4C4-464B-9D3B-BFF92464AA97}.Release|Any CPU.Build.0 = Release|Any CPU
	EndGlobalSection
	GlobalSection(SolutionProperties) = preSolution
		HideSolutionNode = FALSE
	EndGlobalSection
	GlobalSection(ExtensibilityGlobals) = postSolution
		SolutionGuid = {6BC608E3-6644-455F-9BF2-88B488950D48}
	EndGlobalSection
EndGlobal
